// !$*UTF8*$!
{
	archiveVersion = 1;
	classes = {
	};
	objectVersion = 55;
	objects = {

/* Begin PBXBuildFile section */
		D10E61D928123E7600EDC156 /* ContentView.swift in Sources */ = {isa = PBXBuildFile; fileRef = D10E61D828123E7600EDC156 /* ContentView.swift */; };
		D10E61DE28123E7B00EDC156 /* Preview Assets.xcassets in Resources */ = {isa = PBXBuildFile; fileRef = D10E61DD28123E7B00EDC156 /* Preview Assets.xcassets */; };
		D10E61E928123E7B00EDC156 /* GameEngineMetalTests.swift in Sources */ = {isa = PBXBuildFile; fileRef = D10E61E828123E7B00EDC156 /* GameEngineMetalTests.swift */; };
		D10E61F328123E7B00EDC156 /* GameEngineMetalUITests.swift in Sources */ = {isa = PBXBuildFile; fileRef = D10E61F228123E7B00EDC156 /* GameEngineMetalUITests.swift */; };
		D10E61F528123E7B00EDC156 /* GameEngineMetalUITestsLaunchTests.swift in Sources */ = {isa = PBXBuildFile; fileRef = D10E61F428123E7B00EDC156 /* GameEngineMetalUITestsLaunchTests.swift */; };
		D1219CE428372BBB00095148 /* cruiser.mtl in Resources */ = {isa = PBXBuildFile; fileRef = D1219CE328372BBB00095148 /* cruiser.mtl */; };
		D12CE717282751A700969AC1 /* cruiser.obj in Resources */ = {isa = PBXBuildFile; fileRef = D12CE714282751A600969AC1 /* cruiser.obj */; };
		D12CE719282751A700969AC1 /* cruiser.bmp in Resources */ = {isa = PBXBuildFile; fileRef = D12CE716282751A700969AC1 /* cruiser.bmp */; };
		D12FB60B28398E19000C4894 /* sphere.mtl in Resources */ = {isa = PBXBuildFile; fileRef = D12FB60928398E19000C4894 /* sphere.mtl */; };
		D12FB60C28398E19000C4894 /* sphere.obj in Resources */ = {isa = PBXBuildFile; fileRef = D12FB60A28398E19000C4894 /* sphere.obj */; };
		D16C1E25281B55B700E58127 /* SandboxScene.swift in Sources */ = {isa = PBXBuildFile; fileRef = D16C1E24281B55B700E58127 /* SandboxScene.swift */; };
		D1B0F9602888C10300515D3D /* SunInputComponent.swift in Sources */ = {isa = PBXBuildFile; fileRef = D1B0F95A2888C10300515D3D /* SunInputComponent.swift */; };
		D1B0F9622888C10300515D3D /* DebugCameraInputComponent.swift in Sources */ = {isa = PBXBuildFile; fileRef = D1B0F95C2888C10300515D3D /* DebugCameraInputComponent.swift */; };
		D1B0F9632888C10300515D3D /* CruiserInputComponent.swift in Sources */ = {isa = PBXBuildFile; fileRef = D1B0F95D2888C10300515D3D /* CruiserInputComponent.swift */; };
		D1B0F9642888C10300515D3D /* GameEngineMetalApp.swift in Sources */ = {isa = PBXBuildFile; fileRef = D1B0F95F2888C10300515D3D /* GameEngineMetalApp.swift */; };
		D1B0F9672888C27200515D3D /* GameEngine in Frameworks */ = {isa = PBXBuildFile; productRef = D1B0F9662888C27200515D3D /* GameEngine */; };
		D1B0F9692888C27600515D3D /* MetalView in Frameworks */ = {isa = PBXBuildFile; productRef = D1B0F9682888C27600515D3D /* MetalView */; };
		D1FD1F922827333400F1BCF3 /* PartyPirateParot.png in Resources */ = {isa = PBXBuildFile; fileRef = D1FD1F912827333400F1BCF3 /* PartyPirateParot.png */; };
/* End PBXBuildFile section */

/* Begin PBXContainerItemProxy section */
		D10E61E528123E7B00EDC156 /* PBXContainerItemProxy */ = {
			isa = PBXContainerItemProxy;
			containerPortal = D10E61CB28123E7600EDC156 /* Project object */;
			proxyType = 1;
			remoteGlobalIDString = D10E61D228123E7600EDC156;
			remoteInfo = GameEngineMetal;
		};
		D10E61EF28123E7B00EDC156 /* PBXContainerItemProxy */ = {
			isa = PBXContainerItemProxy;
			containerPortal = D10E61CB28123E7600EDC156 /* Project object */;
			proxyType = 1;
			remoteGlobalIDString = D10E61D228123E7600EDC156;
			remoteInfo = GameEngineMetal;
		};
/* End PBXContainerItemProxy section */

/* Begin PBXFileReference section */
		D10E61D328123E7600EDC156 /* GameEngineMetal.app */ = {isa = PBXFileReference; explicitFileType = wrapper.application; includeInIndex = 0; path = GameEngineMetal.app; sourceTree = BUILT_PRODUCTS_DIR; };
		D10E61D828123E7600EDC156 /* ContentView.swift */ = {isa = PBXFileReference; lastKnownFileType = sourcecode.swift; path = ContentView.swift; sourceTree = "<group>"; };
		D10E61DD28123E7B00EDC156 /* Preview Assets.xcassets */ = {isa = PBXFileReference; lastKnownFileType = folder.assetcatalog; path = "Preview Assets.xcassets"; sourceTree = "<group>"; };
		D10E61E428123E7B00EDC156 /* GameEngineMetalTests.xctest */ = {isa = PBXFileReference; explicitFileType = wrapper.cfbundle; includeInIndex = 0; path = GameEngineMetalTests.xctest; sourceTree = BUILT_PRODUCTS_DIR; };
		D10E61E828123E7B00EDC156 /* GameEngineMetalTests.swift */ = {isa = PBXFileReference; lastKnownFileType = sourcecode.swift; path = GameEngineMetalTests.swift; sourceTree = "<group>"; };
		D10E61EE28123E7B00EDC156 /* GameEngineMetalUITests.xctest */ = {isa = PBXFileReference; explicitFileType = wrapper.cfbundle; includeInIndex = 0; path = GameEngineMetalUITests.xctest; sourceTree = BUILT_PRODUCTS_DIR; };
		D10E61F228123E7B00EDC156 /* GameEngineMetalUITests.swift */ = {isa = PBXFileReference; lastKnownFileType = sourcecode.swift; path = GameEngineMetalUITests.swift; sourceTree = "<group>"; };
		D10E61F428123E7B00EDC156 /* GameEngineMetalUITestsLaunchTests.swift */ = {isa = PBXFileReference; lastKnownFileType = sourcecode.swift; path = GameEngineMetalUITestsLaunchTests.swift; sourceTree = "<group>"; };
		D1219CE328372BBB00095148 /* cruiser.mtl */ = {isa = PBXFileReference; lastKnownFileType = text; name = cruiser.mtl; path = GameEngineMetal/Resources/Cruiser/cruiser.mtl; sourceTree = SOURCE_ROOT; };
		D12CE714282751A600969AC1 /* cruiser.obj */ = {isa = PBXFileReference; fileEncoding = 4; lastKnownFileType = text; path = cruiser.obj; sourceTree = "<group>"; };
		D12CE716282751A700969AC1 /* cruiser.bmp */ = {isa = PBXFileReference; lastKnownFileType = image.bmp; path = cruiser.bmp; sourceTree = "<group>"; };
		D12FB60928398E19000C4894 /* sphere.mtl */ = {isa = PBXFileReference; fileEncoding = 4; lastKnownFileType = text; path = sphere.mtl; sourceTree = "<group>"; };
		D12FB60A28398E19000C4894 /* sphere.obj */ = {isa = PBXFileReference; fileEncoding = 4; lastKnownFileType = text; path = sphere.obj; sourceTree = "<group>"; };
		D16C1E24281B55B700E58127 /* SandboxScene.swift */ = {isa = PBXFileReference; lastKnownFileType = sourcecode.swift; path = SandboxScene.swift; sourceTree = "<group>"; };
		D1B0F9562887A16400515D3D /* MetalView */ = {isa = PBXFileReference; lastKnownFileType = wrapper; name = MetalView; path = ../../../../../Documents/src/MetalView; sourceTree = "<group>"; };
		D1B0F9572887A1EA00515D3D /* GameEngine */ = {isa = PBXFileReference; lastKnownFileType = wrapper; name = GameEngine; path = ../../../../../Documents/src/GameEngine; sourceTree = "<group>"; };
		D1B0F95A2888C10300515D3D /* SunInputComponent.swift */ = {isa = PBXFileReference; fileEncoding = 4; lastKnownFileType = sourcecode.swift; path = SunInputComponent.swift; sourceTree = "<group>"; };
		D1B0F95C2888C10300515D3D /* DebugCameraInputComponent.swift */ = {isa = PBXFileReference; fileEncoding = 4; lastKnownFileType = sourcecode.swift; path = DebugCameraInputComponent.swift; sourceTree = "<group>"; };
		D1B0F95D2888C10300515D3D /* CruiserInputComponent.swift */ = {isa = PBXFileReference; fileEncoding = 4; lastKnownFileType = sourcecode.swift; path = CruiserInputComponent.swift; sourceTree = "<group>"; };
		D1B0F95E2888C10300515D3D /* GameEngineMetal.entitlements */ = {isa = PBXFileReference; fileEncoding = 4; lastKnownFileType = text.plist.entitlements; path = GameEngineMetal.entitlements; sourceTree = "<group>"; };
		D1B0F95F2888C10300515D3D /* GameEngineMetalApp.swift */ = {isa = PBXFileReference; fileEncoding = 4; lastKnownFileType = sourcecode.swift; path = GameEngineMetalApp.swift; sourceTree = "<group>"; };
		D1FD1F912827333400F1BCF3 /* PartyPirateParot.png */ = {isa = PBXFileReference; lastKnownFileType = image.png; path = PartyPirateParot.png; sourceTree = "<group>"; };
/* End PBXFileReference section */

/* Begin PBXFrameworksBuildPhase section */
		D10E61D028123E7600EDC156 /* Frameworks */ = {
			isa = PBXFrameworksBuildPhase;
			buildActionMask = 2147483647;
			files = (
				D1B0F9672888C27200515D3D /* GameEngine in Frameworks */,
				D1B0F9692888C27600515D3D /* MetalView in Frameworks */,
			);
			runOnlyForDeploymentPostprocessing = 0;
		};
		D10E61E128123E7B00EDC156 /* Frameworks */ = {
			isa = PBXFrameworksBuildPhase;
			buildActionMask = 2147483647;
			files = (
			);
			runOnlyForDeploymentPostprocessing = 0;
		};
		D10E61EB28123E7B00EDC156 /* Frameworks */ = {
			isa = PBXFrameworksBuildPhase;
			buildActionMask = 2147483647;
			files = (
			);
			runOnlyForDeploymentPostprocessing = 0;
		};
/* End PBXFrameworksBuildPhase section */

/* Begin PBXGroup section */
		D10E61CA28123E7600EDC156 = {
			isa = PBXGroup;
			children = (
				D1B0F9552887A16400515D3D /* Packages */,
				D10E61D528123E7600EDC156 /* GameEngineMetal */,
				D10E61E728123E7B00EDC156 /* GameEngineMetalTests */,
				D10E61F128123E7B00EDC156 /* GameEngineMetalUITests */,
				D10E61D428123E7600EDC156 /* Products */,
				D1B0F9652888C27200515D3D /* Frameworks */,
			);
			sourceTree = "<group>";
			usesTabs = 1;
		};
		D10E61D428123E7600EDC156 /* Products */ = {
			isa = PBXGroup;
			children = (
				D10E61D328123E7600EDC156 /* GameEngineMetal.app */,
				D10E61E428123E7B00EDC156 /* GameEngineMetalTests.xctest */,
				D10E61EE28123E7B00EDC156 /* GameEngineMetalUITests.xctest */,
			);
			name = Products;
			sourceTree = "<group>";
		};
		D10E61D528123E7600EDC156 /* GameEngineMetal */ = {
			isa = PBXGroup;
			children = (
				D1B0F95D2888C10300515D3D /* CruiserInputComponent.swift */,
				D1B0F95C2888C10300515D3D /* DebugCameraInputComponent.swift */,
				D1B0F95E2888C10300515D3D /* GameEngineMetal.entitlements */,
				D1B0F95F2888C10300515D3D /* GameEngineMetalApp.swift */,
				D1B0F95A2888C10300515D3D /* SunInputComponent.swift */,
				D10E61D828123E7600EDC156 /* ContentView.swift */,
				D16C1E24281B55B700E58127 /* SandboxScene.swift */,
				D1FD1F902827325000F1BCF3 /* Resources */,
				D144F73628149F42009EBD0D /* Display */,
				D10E61DC28123E7B00EDC156 /* Preview Content */,
			);
			path = GameEngineMetal;
			sourceTree = "<group>";
		};
		D10E61DC28123E7B00EDC156 /* Preview Content */ = {
			isa = PBXGroup;
			children = (
				D10E61DD28123E7B00EDC156 /* Preview Assets.xcassets */,
			);
			path = "Preview Content";
			sourceTree = "<group>";
		};
		D10E61E728123E7B00EDC156 /* GameEngineMetalTests */ = {
			isa = PBXGroup;
			children = (
				D10E61E828123E7B00EDC156 /* GameEngineMetalTests.swift */,
			);
			path = GameEngineMetalTests;
			sourceTree = "<group>";
		};
		D10E61F128123E7B00EDC156 /* GameEngineMetalUITests */ = {
			isa = PBXGroup;
			children = (
				D10E61F228123E7B00EDC156 /* GameEngineMetalUITests.swift */,
				D10E61F428123E7B00EDC156 /* GameEngineMetalUITestsLaunchTests.swift */,
			);
			path = GameEngineMetalUITests;
			sourceTree = "<group>";
		};
		D12CE7132827511D00969AC1 /* cruiser */ = {
			isa = PBXGroup;
			children = (
				D1219CE328372BBB00095148 /* cruiser.mtl */,
				D12CE716282751A700969AC1 /* cruiser.bmp */,
				D12CE714282751A600969AC1 /* cruiser.obj */,
			);
			path = cruiser;
			sourceTree = "<group>";
		};
		D12FB60428398BB1000C4894 /* sphere */ = {
			isa = PBXGroup;
			children = (
				D12FB60928398E19000C4894 /* sphere.mtl */,
				D12FB60A28398E19000C4894 /* sphere.obj */,
			);
			path = sphere;
			sourceTree = "<group>";
		};
		D144F73628149F42009EBD0D /* Display */ = {
			isa = PBXGroup;
			children = (
			);
			path = Display;
			sourceTree = "<group>";
		};
		D1B0F9552887A16400515D3D /* Packages */ = {
			isa = PBXGroup;
			children = (
				D1B0F9562887A16400515D3D /* MetalView */,
				D1B0F9572887A1EA00515D3D /* GameEngine */,
			);
			name = Packages;
			sourceTree = "<group>";
		};
		D1B0F9652888C27200515D3D /* Frameworks */ = {
			isa = PBXGroup;
			children = (
			);
			name = Frameworks;
			sourceTree = "<group>";
		};
		D1FD1F902827325000F1BCF3 /* Resources */ = {
			isa = PBXGroup;
			children = (
				D12FB60428398BB1000C4894 /* sphere */,
				D12CE7132827511D00969AC1 /* cruiser */,
				D1FD1F912827333400F1BCF3 /* PartyPirateParot.png */,
			);
			path = Resources;
			sourceTree = "<group>";
		};
/* End PBXGroup section */

/* Begin PBXNativeTarget section */
		D10E61D228123E7600EDC156 /* GameEngineMetal */ = {
			isa = PBXNativeTarget;
			buildConfigurationList = D10E61F828123E7B00EDC156 /* Build configuration list for PBXNativeTarget "GameEngineMetal" */;
			buildPhases = (
				D10E61CF28123E7600EDC156 /* Sources */,
				D10E61D028123E7600EDC156 /* Frameworks */,
				D10E61D128123E7600EDC156 /* Resources */,
			);
			buildRules = (
			);
			dependencies = (
			);
			name = GameEngineMetal;
			packageProductDependencies = (
				D1B0F9662888C27200515D3D /* GameEngine */,
				D1B0F9682888C27600515D3D /* MetalView */,
			);
			productName = GameEngineMetal;
			productReference = D10E61D328123E7600EDC156 /* GameEngineMetal.app */;
			productType = "com.apple.product-type.application";
		};
		D10E61E328123E7B00EDC156 /* GameEngineMetalTests */ = {
			isa = PBXNativeTarget;
			buildConfigurationList = D10E61FB28123E7B00EDC156 /* Build configuration list for PBXNativeTarget "GameEngineMetalTests" */;
			buildPhases = (
				D10E61E028123E7B00EDC156 /* Sources */,
				D10E61E128123E7B00EDC156 /* Frameworks */,
				D10E61E228123E7B00EDC156 /* Resources */,
			);
			buildRules = (
			);
			dependencies = (
				D10E61E628123E7B00EDC156 /* PBXTargetDependency */,
			);
			name = GameEngineMetalTests;
			productName = GameEngineMetalTests;
			productReference = D10E61E428123E7B00EDC156 /* GameEngineMetalTests.xctest */;
			productType = "com.apple.product-type.bundle.unit-test";
		};
		D10E61ED28123E7B00EDC156 /* GameEngineMetalUITests */ = {
			isa = PBXNativeTarget;
			buildConfigurationList = D10E61FE28123E7B00EDC156 /* Build configuration list for PBXNativeTarget "GameEngineMetalUITests" */;
			buildPhases = (
				D10E61EA28123E7B00EDC156 /* Sources */,
				D10E61EB28123E7B00EDC156 /* Frameworks */,
				D10E61EC28123E7B00EDC156 /* Resources */,
			);
			buildRules = (
			);
			dependencies = (
				D10E61F028123E7B00EDC156 /* PBXTargetDependency */,
			);
			name = GameEngineMetalUITests;
			productName = GameEngineMetalUITests;
			productReference = D10E61EE28123E7B00EDC156 /* GameEngineMetalUITests.xctest */;
			productType = "com.apple.product-type.bundle.ui-testing";
		};
/* End PBXNativeTarget section */

/* Begin PBXProject section */
		D10E61CB28123E7600EDC156 /* Project object */ = {
			isa = PBXProject;
			attributes = {
				BuildIndependentTargetsInParallel = 1;
				LastSwiftUpdateCheck = 1330;
				LastUpgradeCheck = 1330;
				TargetAttributes = {
					D10E61D228123E7600EDC156 = {
						CreatedOnToolsVersion = 13.3.1;
					};
					D10E61E328123E7B00EDC156 = {
						CreatedOnToolsVersion = 13.3.1;
						TestTargetID = D10E61D228123E7600EDC156;
					};
					D10E61ED28123E7B00EDC156 = {
						CreatedOnToolsVersion = 13.3.1;
						TestTargetID = D10E61D228123E7600EDC156;
					};
				};
			};
			buildConfigurationList = D10E61CE28123E7600EDC156 /* Build configuration list for PBXProject "GameEngineMetal" */;
			compatibilityVersion = "Xcode 13.0";
			developmentRegion = en;
			hasScannedForEncodings = 0;
			knownRegions = (
				en,
				Base,
			);
			mainGroup = D10E61CA28123E7600EDC156;
			productRefGroup = D10E61D428123E7600EDC156 /* Products */;
			projectDirPath = "";
			projectRoot = "";
			targets = (
				D10E61D228123E7600EDC156 /* GameEngineMetal */,
				D10E61E328123E7B00EDC156 /* GameEngineMetalTests */,
				D10E61ED28123E7B00EDC156 /* GameEngineMetalUITests */,
			);
		};
/* End PBXProject section */

/* Begin PBXResourcesBuildPhase section */
		D10E61D128123E7600EDC156 /* Resources */ = {
			isa = PBXResourcesBuildPhase;
			buildActionMask = 2147483647;
			files = (
				D12FB60B28398E19000C4894 /* sphere.mtl in Resources */,
				D10E61DE28123E7B00EDC156 /* Preview Assets.xcassets in Resources */,
				D12FB60C28398E19000C4894 /* sphere.obj in Resources */,
				D12CE717282751A700969AC1 /* cruiser.obj in Resources */,
				D1FD1F922827333400F1BCF3 /* PartyPirateParot.png in Resources */,
				D12CE719282751A700969AC1 /* cruiser.bmp in Resources */,
				D1219CE428372BBB00095148 /* cruiser.mtl in Resources */,
			);
			runOnlyForDeploymentPostprocessing = 0;
		};
		D10E61E228123E7B00EDC156 /* Resources */ = {
			isa = PBXResourcesBuildPhase;
			buildActionMask = 2147483647;
			files = (
			);
			runOnlyForDeploymentPostprocessing = 0;
		};
		D10E61EC28123E7B00EDC156 /* Resources */ = {
			isa = PBXResourcesBuildPhase;
			buildActionMask = 2147483647;
			files = (
			);
			runOnlyForDeploymentPostprocessing = 0;
		};
/* End PBXResourcesBuildPhase section */

/* Begin PBXSourcesBuildPhase section */
		D10E61CF28123E7600EDC156 /* Sources */ = {
			isa = PBXSourcesBuildPhase;
			buildActionMask = 2147483647;
			files = (
				D1B0F9622888C10300515D3D /* DebugCameraInputComponent.swift in Sources */,
				D1B0F9602888C10300515D3D /* SunInputComponent.swift in Sources */,
				D1B0F9642888C10300515D3D /* GameEngineMetalApp.swift in Sources */,
				D10E61D928123E7600EDC156 /* ContentView.swift in Sources */,
				D1B0F9632888C10300515D3D /* CruiserInputComponent.swift in Sources */,
				D16C1E25281B55B700E58127 /* SandboxScene.swift in Sources */,
			);
			runOnlyForDeploymentPostprocessing = 0;
		};
		D10E61E028123E7B00EDC156 /* Sources */ = {
			isa = PBXSourcesBuildPhase;
			buildActionMask = 2147483647;
			files = (
				D10E61E928123E7B00EDC156 /* GameEngineMetalTests.swift in Sources */,
			);
			runOnlyForDeploymentPostprocessing = 0;
		};
		D10E61EA28123E7B00EDC156 /* Sources */ = {
			isa = PBXSourcesBuildPhase;
			buildActionMask = 2147483647;
			files = (
				D10E61F528123E7B00EDC156 /* GameEngineMetalUITestsLaunchTests.swift in Sources */,
				D10E61F328123E7B00EDC156 /* GameEngineMetalUITests.swift in Sources */,
			);
			runOnlyForDeploymentPostprocessing = 0;
		};
/* End PBXSourcesBuildPhase section */

/* Begin PBXTargetDependency section */
		D10E61E628123E7B00EDC156 /* PBXTargetDependency */ = {
			isa = PBXTargetDependency;
			target = D10E61D228123E7600EDC156 /* GameEngineMetal */;
			targetProxy = D10E61E528123E7B00EDC156 /* PBXContainerItemProxy */;
		};
		D10E61F028123E7B00EDC156 /* PBXTargetDependency */ = {
			isa = PBXTargetDependency;
			target = D10E61D228123E7600EDC156 /* GameEngineMetal */;
			targetProxy = D10E61EF28123E7B00EDC156 /* PBXContainerItemProxy */;
		};
/* End PBXTargetDependency section */

/* Begin XCBuildConfiguration section */
		D10E61F628123E7B00EDC156 /* Debug */ = {
			isa = XCBuildConfiguration;
			buildSettings = {
				ALWAYS_SEARCH_USER_PATHS = NO;
				CLANG_ANALYZER_NONNULL = YES;
				CLANG_ANALYZER_NUMBER_OBJECT_CONVERSION = YES_AGGRESSIVE;
				CLANG_CXX_LANGUAGE_STANDARD = "gnu++17";
				CLANG_ENABLE_MODULES = YES;
				CLANG_ENABLE_OBJC_ARC = YES;
				CLANG_ENABLE_OBJC_WEAK = YES;
				CLANG_WARN_BLOCK_CAPTURE_AUTORELEASING = YES;
				CLANG_WARN_BOOL_CONVERSION = YES;
				CLANG_WARN_COMMA = YES;
				CLANG_WARN_CONSTANT_CONVERSION = YES;
				CLANG_WARN_DEPRECATED_OBJC_IMPLEMENTATIONS = YES;
				CLANG_WARN_DIRECT_OBJC_ISA_USAGE = YES_ERROR;
				CLANG_WARN_DOCUMENTATION_COMMENTS = YES;
				CLANG_WARN_EMPTY_BODY = YES;
				CLANG_WARN_ENUM_CONVERSION = YES;
				CLANG_WARN_INFINITE_RECURSION = YES;
				CLANG_WARN_INT_CONVERSION = YES;
				CLANG_WARN_NON_LITERAL_NULL_CONVERSION = YES;
				CLANG_WARN_OBJC_IMPLICIT_RETAIN_SELF = YES;
				CLANG_WARN_OBJC_LITERAL_CONVERSION = YES;
				CLANG_WARN_OBJC_ROOT_CLASS = YES_ERROR;
				CLANG_WARN_QUOTED_INCLUDE_IN_FRAMEWORK_HEADER = YES;
				CLANG_WARN_RANGE_LOOP_ANALYSIS = YES;
				CLANG_WARN_STRICT_PROTOTYPES = YES;
				CLANG_WARN_SUSPICIOUS_MOVE = YES;
				CLANG_WARN_UNGUARDED_AVAILABILITY = YES_AGGRESSIVE;
				CLANG_WARN_UNREACHABLE_CODE = YES;
				CLANG_WARN__DUPLICATE_METHOD_MATCH = YES;
				COPY_PHASE_STRIP = NO;
				DEBUG_INFORMATION_FORMAT = dwarf;
				ENABLE_STRICT_OBJC_MSGSEND = YES;
				ENABLE_TESTABILITY = YES;
				GCC_C_LANGUAGE_STANDARD = gnu11;
				GCC_DYNAMIC_NO_PIC = NO;
				GCC_NO_COMMON_BLOCKS = YES;
				GCC_OPTIMIZATION_LEVEL = 0;
				GCC_PREPROCESSOR_DEFINITIONS = (
					"DEBUG=1",
					"$(inherited)",
				);
				GCC_WARN_64_TO_32_BIT_CONVERSION = YES;
				GCC_WARN_ABOUT_RETURN_TYPE = YES_ERROR;
				GCC_WARN_UNDECLARED_SELECTOR = YES;
				GCC_WARN_UNINITIALIZED_AUTOS = YES_AGGRESSIVE;
				GCC_WARN_UNUSED_FUNCTION = YES;
				GCC_WARN_UNUSED_VARIABLE = YES;
				MACOSX_DEPLOYMENT_TARGET = 12.3;
				MTL_ENABLE_DEBUG_INFO = INCLUDE_SOURCE;
				MTL_FAST_MATH = YES;
				ONLY_ACTIVE_ARCH = YES;
				SDKROOT = macosx;
				SWIFT_ACTIVE_COMPILATION_CONDITIONS = DEBUG;
				SWIFT_OPTIMIZATION_LEVEL = "-Onone";
			};
			name = Debug;
		};
		D10E61F728123E7B00EDC156 /* Release */ = {
			isa = XCBuildConfiguration;
			buildSettings = {
				ALWAYS_SEARCH_USER_PATHS = NO;
				CLANG_ANALYZER_NONNULL = YES;
				CLANG_ANALYZER_NUMBER_OBJECT_CONVERSION = YES_AGGRESSIVE;
				CLANG_CXX_LANGUAGE_STANDARD = "gnu++17";
				CLANG_ENABLE_MODULES = YES;
				CLANG_ENABLE_OBJC_ARC = YES;
				CLANG_ENABLE_OBJC_WEAK = YES;
				CLANG_WARN_BLOCK_CAPTURE_AUTORELEASING = YES;
				CLANG_WARN_BOOL_CONVERSION = YES;
				CLANG_WARN_COMMA = YES;
				CLANG_WARN_CONSTANT_CONVERSION = YES;
				CLANG_WARN_DEPRECATED_OBJC_IMPLEMENTATIONS = YES;
				CLANG_WARN_DIRECT_OBJC_ISA_USAGE = YES_ERROR;
				CLANG_WARN_DOCUMENTATION_COMMENTS = YES;
				CLANG_WARN_EMPTY_BODY = YES;
				CLANG_WARN_ENUM_CONVERSION = YES;
				CLANG_WARN_INFINITE_RECURSION = YES;
				CLANG_WARN_INT_CONVERSION = YES;
				CLANG_WARN_NON_LITERAL_NULL_CONVERSION = YES;
				CLANG_WARN_OBJC_IMPLICIT_RETAIN_SELF = YES;
				CLANG_WARN_OBJC_LITERAL_CONVERSION = YES;
				CLANG_WARN_OBJC_ROOT_CLASS = YES_ERROR;
				CLANG_WARN_QUOTED_INCLUDE_IN_FRAMEWORK_HEADER = YES;
				CLANG_WARN_RANGE_LOOP_ANALYSIS = YES;
				CLANG_WARN_STRICT_PROTOTYPES = YES;
				CLANG_WARN_SUSPICIOUS_MOVE = YES;
				CLANG_WARN_UNGUARDED_AVAILABILITY = YES_AGGRESSIVE;
				CLANG_WARN_UNREACHABLE_CODE = YES;
				CLANG_WARN__DUPLICATE_METHOD_MATCH = YES;
				COPY_PHASE_STRIP = NO;
				DEBUG_INFORMATION_FORMAT = "dwarf-with-dsym";
				ENABLE_NS_ASSERTIONS = NO;
				ENABLE_STRICT_OBJC_MSGSEND = YES;
				GCC_C_LANGUAGE_STANDARD = gnu11;
				GCC_NO_COMMON_BLOCKS = YES;
				GCC_WARN_64_TO_32_BIT_CONVERSION = YES;
				GCC_WARN_ABOUT_RETURN_TYPE = YES_ERROR;
				GCC_WARN_UNDECLARED_SELECTOR = YES;
				GCC_WARN_UNINITIALIZED_AUTOS = YES_AGGRESSIVE;
				GCC_WARN_UNUSED_FUNCTION = YES;
				GCC_WARN_UNUSED_VARIABLE = YES;
				MACOSX_DEPLOYMENT_TARGET = 12.3;
				MTL_ENABLE_DEBUG_INFO = NO;
				MTL_FAST_MATH = YES;
				SDKROOT = macosx;
				SWIFT_COMPILATION_MODE = wholemodule;
				SWIFT_OPTIMIZATION_LEVEL = "-O";
			};
			name = Release;
		};
		D10E61F928123E7B00EDC156 /* Debug */ = {
			isa = XCBuildConfiguration;
			buildSettings = {
				ASSETCATALOG_COMPILER_APPICON_NAME = AppIcon;
				ASSETCATALOG_COMPILER_GLOBAL_ACCENT_COLOR_NAME = AccentColor;
				CODE_SIGN_ENTITLEMENTS = "";
				CODE_SIGN_IDENTITY = "Apple Development";
				CODE_SIGN_STYLE = Automatic;
				COMBINE_HIDPI_IMAGES = YES;
				CURRENT_PROJECT_VERSION = 1;
				DEVELOPMENT_ASSET_PATHS = "";
				DEVELOPMENT_TEAM = YNB2RNANFB;
				ENABLE_HARDENED_RUNTIME = YES;
				ENABLE_PREVIEWS = YES;
				GENERATE_INFOPLIST_FILE = YES;
				INFOPLIST_KEY_NSHumanReadableCopyright = "";
				LD_RUNPATH_SEARCH_PATHS = (
					"$(inherited)",
					"@executable_path/../Frameworks",
				);
				MARKETING_VERSION = 1.0;
				PRODUCT_BUNDLE_IDENTIFIER = com.nunemaker.GameEngineMetal;
				PRODUCT_NAME = "$(TARGET_NAME)";
				SWIFT_EMIT_LOC_STRINGS = YES;
				SWIFT_VERSION = 5.0;
			};
			name = Debug;
		};
		D10E61FA28123E7B00EDC156 /* Release */ = {
			isa = XCBuildConfiguration;
			buildSettings = {
				ASSETCATALOG_COMPILER_APPICON_NAME = AppIcon;
				ASSETCATALOG_COMPILER_GLOBAL_ACCENT_COLOR_NAME = AccentColor;
				CODE_SIGN_ENTITLEMENTS = "";
				CODE_SIGN_IDENTITY = "Apple Development";
				CODE_SIGN_STYLE = Automatic;
				COMBINE_HIDPI_IMAGES = YES;
				CURRENT_PROJECT_VERSION = 1;
				DEVELOPMENT_ASSET_PATHS = "";
				DEVELOPMENT_TEAM = YNB2RNANFB;
				ENABLE_HARDENED_RUNTIME = YES;
				ENABLE_PREVIEWS = YES;
				GENERATE_INFOPLIST_FILE = YES;
				INFOPLIST_KEY_NSHumanReadableCopyright = "";
				LD_RUNPATH_SEARCH_PATHS = (
					"$(inherited)",
					"@executable_path/../Frameworks",
				);
				MARKETING_VERSION = 1.0;
				ONLY_ACTIVE_ARCH = NO;
				PRODUCT_BUNDLE_IDENTIFIER = com.nunemaker.GameEngineMetal;
				PRODUCT_NAME = "$(TARGET_NAME)";
				SWIFT_EMIT_LOC_STRINGS = YES;
				SWIFT_VERSION = 5.0;
			};
			name = Release;
		};
		D10E61FC28123E7B00EDC156 /* Debug */ = {
			isa = XCBuildConfiguration;
			buildSettings = {
				ALWAYS_EMBED_SWIFT_STANDARD_LIBRARIES = YES;
				BUNDLE_LOADER = "$(TEST_HOST)";
				CODE_SIGN_STYLE = Automatic;
				CURRENT_PROJECT_VERSION = 1;
				DEVELOPMENT_TEAM = YNB2RNANFB;
				GENERATE_INFOPLIST_FILE = YES;
				MACOSX_DEPLOYMENT_TARGET = 12.3;
				MARKETING_VERSION = 1.0;
				PRODUCT_BUNDLE_IDENTIFIER = com.nunemaker.GameEngineMetalTests;
				PRODUCT_NAME = "$(TARGET_NAME)";
				SWIFT_EMIT_LOC_STRINGS = NO;
				SWIFT_VERSION = 5.0;
				TEST_HOST = "$(BUILT_PRODUCTS_DIR)/GameEngineMetal.app/Contents/MacOS/GameEngineMetal";
			};
			name = Debug;
		};
		D10E61FD28123E7B00EDC156 /* Release */ = {
			isa = XCBuildConfiguration;
			buildSettings = {
				ALWAYS_EMBED_SWIFT_STANDARD_LIBRARIES = YES;
				BUNDLE_LOADER = "$(TEST_HOST)";
				CODE_SIGN_STYLE = Automatic;
				CURRENT_PROJECT_VERSION = 1;
				DEVELOPMENT_TEAM = YNB2RNANFB;
				GENERATE_INFOPLIST_FILE = YES;
				MACOSX_DEPLOYMENT_TARGET = 12.3;
				MARKETING_VERSION = 1.0;
				PRODUCT_BUNDLE_IDENTIFIER = com.nunemaker.GameEngineMetalTests;
				PRODUCT_NAME = "$(TARGET_NAME)";
				SWIFT_EMIT_LOC_STRINGS = NO;
				SWIFT_VERSION = 5.0;
				TEST_HOST = "$(BUILT_PRODUCTS_DIR)/GameEngineMetal.app/Contents/MacOS/GameEngineMetal";
			};
			name = Release;
		};
		D10E61FF28123E7B00EDC156 /* Debug */ = {
			isa = XCBuildConfiguration;
			buildSettings = {
				ALWAYS_EMBED_SWIFT_STANDARD_LIBRARIES = YES;
				CODE_SIGN_STYLE = Automatic;
				CURRENT_PROJECT_VERSION = 1;
				DEVELOPMENT_TEAM = YNB2RNANFB;
				GENERATE_INFOPLIST_FILE = YES;
				MARKETING_VERSION = 1.0;
				PRODUCT_BUNDLE_IDENTIFIER = com.nunemaker.GameEngineMetalUITests;
				PRODUCT_NAME = "$(TARGET_NAME)";
				SWIFT_EMIT_LOC_STRINGS = NO;
				SWIFT_VERSION = 5.0;
				TEST_TARGET_NAME = GameEngineMetal;
			};
			name = Debug;
		};
		D10E620028123E7B00EDC156 /* Release */ = {
			isa = XCBuildConfiguration;
			buildSettings = {
				ALWAYS_EMBED_SWIFT_STANDARD_LIBRARIES = YES;
				CODE_SIGN_STYLE = Automatic;
				CURRENT_PROJECT_VERSION = 1;
				DEVELOPMENT_TEAM = YNB2RNANFB;
				GENERATE_INFOPLIST_FILE = YES;
				MARKETING_VERSION = 1.0;
				PRODUCT_BUNDLE_IDENTIFIER = com.nunemaker.GameEngineMetalUITests;
				PRODUCT_NAME = "$(TARGET_NAME)";
				SWIFT_EMIT_LOC_STRINGS = NO;
				SWIFT_VERSION = 5.0;
				TEST_TARGET_NAME = GameEngineMetal;
			};
			name = Release;
		};
/* End XCBuildConfiguration section */

/* Begin XCConfigurationList section */
		D10E61CE28123E7600EDC156 /* Build configuration list for PBXProject "GameEngineMetal" */ = {
			isa = XCConfigurationList;
			buildConfigurations = (
				D10E61F628123E7B00EDC156 /* Debug */,
				D10E61F728123E7B00EDC156 /* Release */,
			);
			defaultConfigurationIsVisible = 0;
			defaultConfigurationName = Release;
		};
		D10E61F828123E7B00EDC156 /* Build configuration list for PBXNativeTarget "GameEngineMetal" */ = {
			isa = XCConfigurationList;
			buildConfigurations = (
				D10E61F928123E7B00EDC156 /* Debug */,
				D10E61FA28123E7B00EDC156 /* Release */,
			);
			defaultConfigurationIsVisible = 0;
			defaultConfigurationName = Release;
		};
		D10E61FB28123E7B00EDC156 /* Build configuration list for PBXNativeTarget "GameEngineMetalTests" */ = {
			isa = XCConfigurationList;
			buildConfigurations = (
				D10E61FC28123E7B00EDC156 /* Debug */,
				D10E61FD28123E7B00EDC156 /* Release */,
			);
			defaultConfigurationIsVisible = 0;
			defaultConfigurationName = Release;
		};
		D10E61FE28123E7B00EDC156 /* Build configuration list for PBXNativeTarget "GameEngineMetalUITests" */ = {
			isa = XCConfigurationList;
			buildConfigurations = (
				D10E61FF28123E7B00EDC156 /* Debug */,
				D10E620028123E7B00EDC156 /* Release */,
			);
			defaultConfigurationIsVisible = 0;
			defaultConfigurationName = Release;
		};
/* End XCConfigurationList section */

/* Begin XCSwiftPackageProductDependency section */
		D1B0F9662888C27200515D3D /* GameEngine */ = {
			isa = XCSwiftPackageProductDependency;
			productName = GameEngine;
		};
		D1B0F9682888C27600515D3D /* MetalView */ = {
			isa = XCSwiftPackageProductDependency;
			productName = MetalView;
		};
/* End XCSwiftPackageProductDependency section */
	};
	rootObject = D10E61CB28123E7600EDC156 /* Project object */;
}
