// !$*UTF8*$!
{
	archiveVersion = 1;
	classes = {
	};
	objectVersion = 55;
	objects = {

/* Begin PBXBuildFile section */
		D10E61D728123E7600EDC156 /* GameEngineMetalApp.swift in Sources */ = {isa = PBXBuildFile; fileRef = D10E61D628123E7600EDC156 /* GameEngineMetalApp.swift */; };
		D10E61D928123E7600EDC156 /* ContentView.swift in Sources */ = {isa = PBXBuildFile; fileRef = D10E61D828123E7600EDC156 /* ContentView.swift */; };
		D10E61DB28123E7B00EDC156 /* Assets.xcassets in Resources */ = {isa = PBXBuildFile; fileRef = D10E61DA28123E7B00EDC156 /* Assets.xcassets */; };
		D10E61DE28123E7B00EDC156 /* Preview Assets.xcassets in Resources */ = {isa = PBXBuildFile; fileRef = D10E61DD28123E7B00EDC156 /* Preview Assets.xcassets */; };
		D10E61E928123E7B00EDC156 /* GameEngineMetalTests.swift in Sources */ = {isa = PBXBuildFile; fileRef = D10E61E828123E7B00EDC156 /* GameEngineMetalTests.swift */; };
		D10E61F328123E7B00EDC156 /* GameEngineMetalUITests.swift in Sources */ = {isa = PBXBuildFile; fileRef = D10E61F228123E7B00EDC156 /* GameEngineMetalUITests.swift */; };
		D10E61F528123E7B00EDC156 /* GameEngineMetalUITestsLaunchTests.swift in Sources */ = {isa = PBXBuildFile; fileRef = D10E61F428123E7B00EDC156 /* GameEngineMetalUITestsLaunchTests.swift */; };
		D10E62022812436A00EDC156 /* GameView.swift in Sources */ = {isa = PBXBuildFile; fileRef = D10E62012812436A00EDC156 /* GameView.swift */; };
		D10E62042812484E00EDC156 /* Renderer.swift in Sources */ = {isa = PBXBuildFile; fileRef = D10E62032812484E00EDC156 /* Renderer.swift */; };
		D1287A12281F2EF7004E5DA5 /* InstancedGameObject.swift in Sources */ = {isa = PBXBuildFile; fileRef = D1287A11281F2EF7004E5DA5 /* InstancedGameObject.swift */; };
		D1287A14281F3F1B004E5DA5 /* CubeCollection.swift in Sources */ = {isa = PBXBuildFile; fileRef = D1287A13281F3F1B004E5DA5 /* CubeCollection.swift */; };
		D1287A16281F5107004E5DA5 /* Quad.swift in Sources */ = {isa = PBXBuildFile; fileRef = D1287A15281F5107004E5DA5 /* Quad.swift */; };
		D12CE710282735A400969AC1 /* TextureLibrary.swift in Sources */ = {isa = PBXBuildFile; fileRef = D12CE70F282735A400969AC1 /* TextureLibrary.swift */; };
		D12CE71228273BAF00969AC1 /* SamplerStateLibrary.swift in Sources */ = {isa = PBXBuildFile; fileRef = D12CE71128273BAF00969AC1 /* SamplerStateLibrary.swift */; };
		D140985528162FAE00DA299A /* RenderPipelineState.swift in Sources */ = {isa = PBXBuildFile; fileRef = D140985328162FAE00DA299A /* RenderPipelineState.swift */; };
		D140985628162FAE00DA299A /* RenderDescriptorLibary.swift in Sources */ = {isa = PBXBuildFile; fileRef = D140985428162FAE00DA299A /* RenderDescriptorLibary.swift */; };
		D144F7382814A0CB009EBD0D /* Engine.swift in Sources */ = {isa = PBXBuildFile; fileRef = D144F7372814A0CB009EBD0D /* Engine.swift */; };
		D144F73A2814A3F2009EBD0D /* Preferences.swift in Sources */ = {isa = PBXBuildFile; fileRef = D144F7392814A3F2009EBD0D /* Preferences.swift */; };
		D144F73C2814BC0A009EBD0D /* ShaderLibrary.swift in Sources */ = {isa = PBXBuildFile; fileRef = D144F73B2814BC0A009EBD0D /* ShaderLibrary.swift */; };
		D144F73E2814DC3F009EBD0D /* VertexDescriptorLibrary.swift in Sources */ = {isa = PBXBuildFile; fileRef = D144F73D2814DC3F009EBD0D /* VertexDescriptorLibrary.swift */; };
		D16C1E13281B04E200E58127 /* GameObject.swift in Sources */ = {isa = PBXBuildFile; fileRef = D16C1E12281B04E200E58127 /* GameObject.swift */; };
		D16C1E17281B147900E58127 /* Pointer.swift in Sources */ = {isa = PBXBuildFile; fileRef = D16C1E16281B147900E58127 /* Pointer.swift */; };
		D16C1E19281B15B000E58127 /* Node.swift in Sources */ = {isa = PBXBuildFile; fileRef = D16C1E18281B15B000E58127 /* Node.swift */; };
		D16C1E1C281B163800E58127 /* Renderable.swift in Sources */ = {isa = PBXBuildFile; fileRef = D16C1E1B281B163800E58127 /* Renderable.swift */; };
		D16C1E20281B331D00E58127 /* Math.swift in Sources */ = {isa = PBXBuildFile; fileRef = D16C1E1F281B331D00E58127 /* Math.swift */; };
		D16C1E23281B540700E58127 /* Scene.swift in Sources */ = {isa = PBXBuildFile; fileRef = D16C1E22281B540700E58127 /* Scene.swift */; };
		D16C1E25281B55B700E58127 /* SandboxScene.swift in Sources */ = {isa = PBXBuildFile; fileRef = D16C1E24281B55B700E58127 /* SandboxScene.swift */; };
		D16C1E28281B581800E58127 /* SceneManager.swift in Sources */ = {isa = PBXBuildFile; fileRef = D16C1E27281B581800E58127 /* SceneManager.swift */; };
		D16C1E2E281B786100E58127 /* Keyboard.swift in Sources */ = {isa = PBXBuildFile; fileRef = D16C1E2D281B786100E58127 /* Keyboard.swift */; };
		D16C1E30281B7D9200E58127 /* Mouse.swift in Sources */ = {isa = PBXBuildFile; fileRef = D16C1E2F281B7D9200E58127 /* Mouse.swift */; };
		D16C1E32281C2C6D00E58127 /* GameEventHandler.swift in Sources */ = {isa = PBXBuildFile; fileRef = D16C1E31281C2C6D00E58127 /* GameEventHandler.swift */; };
		D16C1E35281C3FA200E58127 /* Camera.swift in Sources */ = {isa = PBXBuildFile; fileRef = D16C1E34281C3FA200E58127 /* Camera.swift */; };
		D16C1E37281C40B500E58127 /* DebugCamera.swift in Sources */ = {isa = PBXBuildFile; fileRef = D16C1E36281C40B500E58127 /* DebugCamera.swift */; };
		D16C1E39281C46BD00E58127 /* CameraManager.swift in Sources */ = {isa = PBXBuildFile; fileRef = D16C1E38281C46BC00E58127 /* CameraManager.swift */; };
		D16C1E3B281C62C300E58127 /* Cube.swift in Sources */ = {isa = PBXBuildFile; fileRef = D16C1E3A281C62C300E58127 /* Cube.swift */; };
		D16C1E3D281C677200E58127 /* DepthStencilStateLibrary.swift in Sources */ = {isa = PBXBuildFile; fileRef = D16C1E3C281C677200E58127 /* DepthStencilStateLibrary.swift */; };
		D16C1E40281C76C700E58127 /* ColorUtil.swift in Sources */ = {isa = PBXBuildFile; fileRef = D16C1E3F281C76C700E58127 /* ColorUtil.swift */; };
		D1FD1EB92822104200F1BCF3 /* InstancedShaders.metal in Sources */ = {isa = PBXBuildFile; fileRef = D1FD1EB82822104200F1BCF3 /* InstancedShaders.metal */; };
		D1FD1EBB2822105000F1BCF3 /* Shared.metal in Sources */ = {isa = PBXBuildFile; fileRef = D1FD1EBA2822105000F1BCF3 /* Shared.metal */; };
		D1FD1EBD2822105700F1BCF3 /* BasicShaders.metal in Sources */ = {isa = PBXBuildFile; fileRef = D1FD1EBC2822105700F1BCF3 /* BasicShaders.metal */; };
		D1FD1EC5282210CC00F1BCF3 /* CustomMesh.swift in Sources */ = {isa = PBXBuildFile; fileRef = D1FD1EC0282210CC00F1BCF3 /* CustomMesh.swift */; };
		D1FD1EC6282210CC00F1BCF3 /* Triangle_CustomMesh.swift in Sources */ = {isa = PBXBuildFile; fileRef = D1FD1EC1282210CC00F1BCF3 /* Triangle_CustomMesh.swift */; };
		D1FD1EC7282210CC00F1BCF3 /* Quad_CustomMesh.swift in Sources */ = {isa = PBXBuildFile; fileRef = D1FD1EC2282210CC00F1BCF3 /* Quad_CustomMesh.swift */; };
		D1FD1EC8282210CC00F1BCF3 /* Cube_CustomMesh.swift in Sources */ = {isa = PBXBuildFile; fileRef = D1FD1EC3282210CC00F1BCF3 /* Cube_CustomMesh.swift */; };
		D1FD1EC9282210CC00F1BCF3 /* Entities.swift in Sources */ = {isa = PBXBuildFile; fileRef = D1FD1EC4282210CC00F1BCF3 /* Entities.swift */; };
		D1FD1ECB2822118C00F1BCF3 /* Updateable.swift in Sources */ = {isa = PBXBuildFile; fileRef = D1FD1ECA2822118C00F1BCF3 /* Updateable.swift */; };
		D1FD1ECF282211E900F1BCF3 /* MetalTypes.swift in Sources */ = {isa = PBXBuildFile; fileRef = D1FD1ECD282211E900F1BCF3 /* MetalTypes.swift */; };
		D1FD1ED0282211E900F1BCF3 /* Shader.swift in Sources */ = {isa = PBXBuildFile; fileRef = D1FD1ECE282211E900F1BCF3 /* Shader.swift */; };
		D1FD1ED22822148D00F1BCF3 /* GameTime.swift in Sources */ = {isa = PBXBuildFile; fileRef = D1FD1ED12822148D00F1BCF3 /* GameTime.swift */; };
		D1FD1F922827333400F1BCF3 /* PartyPirateParot.png in Resources */ = {isa = PBXBuildFile; fileRef = D1FD1F912827333400F1BCF3 /* PartyPirateParot.png */; };
/* End PBXBuildFile section */

/* Begin PBXContainerItemProxy section */
		D10E61E528123E7B00EDC156 /* PBXContainerItemProxy */ = {
			isa = PBXContainerItemProxy;
			containerPortal = D10E61CB28123E7600EDC156 /* Project object */;
			proxyType = 1;
			remoteGlobalIDString = D10E61D228123E7600EDC156;
			remoteInfo = GameEngineMetal;
		};
		D10E61EF28123E7B00EDC156 /* PBXContainerItemProxy */ = {
			isa = PBXContainerItemProxy;
			containerPortal = D10E61CB28123E7600EDC156 /* Project object */;
			proxyType = 1;
			remoteGlobalIDString = D10E61D228123E7600EDC156;
			remoteInfo = GameEngineMetal;
		};
/* End PBXContainerItemProxy section */

/* Begin PBXFileReference section */
		D10E61D328123E7600EDC156 /* GameEngineMetal.app */ = {isa = PBXFileReference; explicitFileType = wrapper.application; includeInIndex = 0; path = GameEngineMetal.app; sourceTree = BUILT_PRODUCTS_DIR; };
		D10E61D628123E7600EDC156 /* GameEngineMetalApp.swift */ = {isa = PBXFileReference; lastKnownFileType = sourcecode.swift; path = GameEngineMetalApp.swift; sourceTree = "<group>"; };
		D10E61D828123E7600EDC156 /* ContentView.swift */ = {isa = PBXFileReference; lastKnownFileType = sourcecode.swift; path = ContentView.swift; sourceTree = "<group>"; };
		D10E61DA28123E7B00EDC156 /* Assets.xcassets */ = {isa = PBXFileReference; lastKnownFileType = folder.assetcatalog; path = Assets.xcassets; sourceTree = "<group>"; };
		D10E61DD28123E7B00EDC156 /* Preview Assets.xcassets */ = {isa = PBXFileReference; lastKnownFileType = folder.assetcatalog; path = "Preview Assets.xcassets"; sourceTree = "<group>"; };
		D10E61DF28123E7B00EDC156 /* GameEngineMetal.entitlements */ = {isa = PBXFileReference; lastKnownFileType = text.plist.entitlements; path = GameEngineMetal.entitlements; sourceTree = "<group>"; };
		D10E61E428123E7B00EDC156 /* GameEngineMetalTests.xctest */ = {isa = PBXFileReference; explicitFileType = wrapper.cfbundle; includeInIndex = 0; path = GameEngineMetalTests.xctest; sourceTree = BUILT_PRODUCTS_DIR; };
		D10E61E828123E7B00EDC156 /* GameEngineMetalTests.swift */ = {isa = PBXFileReference; lastKnownFileType = sourcecode.swift; path = GameEngineMetalTests.swift; sourceTree = "<group>"; };
		D10E61EE28123E7B00EDC156 /* GameEngineMetalUITests.xctest */ = {isa = PBXFileReference; explicitFileType = wrapper.cfbundle; includeInIndex = 0; path = GameEngineMetalUITests.xctest; sourceTree = BUILT_PRODUCTS_DIR; };
		D10E61F228123E7B00EDC156 /* GameEngineMetalUITests.swift */ = {isa = PBXFileReference; lastKnownFileType = sourcecode.swift; path = GameEngineMetalUITests.swift; sourceTree = "<group>"; };
		D10E61F428123E7B00EDC156 /* GameEngineMetalUITestsLaunchTests.swift */ = {isa = PBXFileReference; lastKnownFileType = sourcecode.swift; path = GameEngineMetalUITestsLaunchTests.swift; sourceTree = "<group>"; };
		D10E62012812436A00EDC156 /* GameView.swift */ = {isa = PBXFileReference; lastKnownFileType = sourcecode.swift; path = GameView.swift; sourceTree = "<group>"; };
		D10E62032812484E00EDC156 /* Renderer.swift */ = {isa = PBXFileReference; lastKnownFileType = sourcecode.swift; path = Renderer.swift; sourceTree = "<group>"; };
		D1287A11281F2EF7004E5DA5 /* InstancedGameObject.swift */ = {isa = PBXFileReference; lastKnownFileType = sourcecode.swift; path = InstancedGameObject.swift; sourceTree = "<group>"; };
		D1287A13281F3F1B004E5DA5 /* CubeCollection.swift */ = {isa = PBXFileReference; lastKnownFileType = sourcecode.swift; path = CubeCollection.swift; sourceTree = "<group>"; };
		D1287A15281F5107004E5DA5 /* Quad.swift */ = {isa = PBXFileReference; lastKnownFileType = sourcecode.swift; path = Quad.swift; sourceTree = "<group>"; };
		D12CE70F282735A400969AC1 /* TextureLibrary.swift */ = {isa = PBXFileReference; lastKnownFileType = sourcecode.swift; path = TextureLibrary.swift; sourceTree = "<group>"; };
		D12CE71128273BAF00969AC1 /* SamplerStateLibrary.swift */ = {isa = PBXFileReference; lastKnownFileType = sourcecode.swift; path = SamplerStateLibrary.swift; sourceTree = "<group>"; };
		D140985328162FAE00DA299A /* RenderPipelineState.swift */ = {isa = PBXFileReference; fileEncoding = 4; lastKnownFileType = sourcecode.swift; path = RenderPipelineState.swift; sourceTree = "<group>"; };
		D140985428162FAE00DA299A /* RenderDescriptorLibary.swift */ = {isa = PBXFileReference; fileEncoding = 4; lastKnownFileType = sourcecode.swift; path = RenderDescriptorLibary.swift; sourceTree = "<group>"; };
		D144F7372814A0CB009EBD0D /* Engine.swift */ = {isa = PBXFileReference; lastKnownFileType = sourcecode.swift; path = Engine.swift; sourceTree = "<group>"; };
		D144F7392814A3F2009EBD0D /* Preferences.swift */ = {isa = PBXFileReference; lastKnownFileType = sourcecode.swift; path = Preferences.swift; sourceTree = "<group>"; };
		D144F73B2814BC0A009EBD0D /* ShaderLibrary.swift */ = {isa = PBXFileReference; lastKnownFileType = sourcecode.swift; path = ShaderLibrary.swift; sourceTree = "<group>"; };
		D144F73D2814DC3F009EBD0D /* VertexDescriptorLibrary.swift */ = {isa = PBXFileReference; lastKnownFileType = sourcecode.swift; path = VertexDescriptorLibrary.swift; sourceTree = "<group>"; };
		D16C1E12281B04E200E58127 /* GameObject.swift */ = {isa = PBXFileReference; lastKnownFileType = sourcecode.swift; path = GameObject.swift; sourceTree = "<group>"; };
		D16C1E16281B147900E58127 /* Pointer.swift */ = {isa = PBXFileReference; lastKnownFileType = sourcecode.swift; path = Pointer.swift; sourceTree = "<group>"; };
		D16C1E18281B15B000E58127 /* Node.swift */ = {isa = PBXFileReference; lastKnownFileType = sourcecode.swift; path = Node.swift; sourceTree = "<group>"; };
		D16C1E1B281B163800E58127 /* Renderable.swift */ = {isa = PBXFileReference; lastKnownFileType = sourcecode.swift; path = Renderable.swift; sourceTree = "<group>"; };
		D16C1E1F281B331D00E58127 /* Math.swift */ = {isa = PBXFileReference; lastKnownFileType = sourcecode.swift; path = Math.swift; sourceTree = "<group>"; };
		D16C1E22281B540700E58127 /* Scene.swift */ = {isa = PBXFileReference; lastKnownFileType = sourcecode.swift; path = Scene.swift; sourceTree = "<group>"; };
		D16C1E24281B55B700E58127 /* SandboxScene.swift */ = {isa = PBXFileReference; lastKnownFileType = sourcecode.swift; path = SandboxScene.swift; sourceTree = "<group>"; };
		D16C1E27281B581800E58127 /* SceneManager.swift */ = {isa = PBXFileReference; lastKnownFileType = sourcecode.swift; path = SceneManager.swift; sourceTree = "<group>"; };
		D16C1E2D281B786100E58127 /* Keyboard.swift */ = {isa = PBXFileReference; lastKnownFileType = sourcecode.swift; path = Keyboard.swift; sourceTree = "<group>"; };
		D16C1E2F281B7D9200E58127 /* Mouse.swift */ = {isa = PBXFileReference; lastKnownFileType = sourcecode.swift; path = Mouse.swift; sourceTree = "<group>"; };
		D16C1E31281C2C6D00E58127 /* GameEventHandler.swift */ = {isa = PBXFileReference; lastKnownFileType = sourcecode.swift; path = GameEventHandler.swift; sourceTree = "<group>"; };
		D16C1E34281C3FA200E58127 /* Camera.swift */ = {isa = PBXFileReference; lastKnownFileType = sourcecode.swift; path = Camera.swift; sourceTree = "<group>"; };
		D16C1E36281C40B500E58127 /* DebugCamera.swift */ = {isa = PBXFileReference; lastKnownFileType = sourcecode.swift; path = DebugCamera.swift; sourceTree = "<group>"; };
		D16C1E38281C46BC00E58127 /* CameraManager.swift */ = {isa = PBXFileReference; lastKnownFileType = sourcecode.swift; path = CameraManager.swift; sourceTree = "<group>"; };
		D16C1E3A281C62C300E58127 /* Cube.swift */ = {isa = PBXFileReference; lastKnownFileType = sourcecode.swift; path = Cube.swift; sourceTree = "<group>"; };
		D16C1E3C281C677200E58127 /* DepthStencilStateLibrary.swift */ = {isa = PBXFileReference; lastKnownFileType = sourcecode.swift; path = DepthStencilStateLibrary.swift; sourceTree = "<group>"; };
		D16C1E3F281C76C700E58127 /* ColorUtil.swift */ = {isa = PBXFileReference; lastKnownFileType = sourcecode.swift; path = ColorUtil.swift; sourceTree = "<group>"; };
		D1FD1EB82822104200F1BCF3 /* InstancedShaders.metal */ = {isa = PBXFileReference; fileEncoding = 4; lastKnownFileType = sourcecode.metal; path = InstancedShaders.metal; sourceTree = "<group>"; };
		D1FD1EBA2822105000F1BCF3 /* Shared.metal */ = {isa = PBXFileReference; fileEncoding = 4; lastKnownFileType = sourcecode.metal; path = Shared.metal; sourceTree = "<group>"; };
		D1FD1EBC2822105700F1BCF3 /* BasicShaders.metal */ = {isa = PBXFileReference; fileEncoding = 4; lastKnownFileType = sourcecode.metal; path = BasicShaders.metal; sourceTree = "<group>"; };
		D1FD1EC0282210CC00F1BCF3 /* CustomMesh.swift */ = {isa = PBXFileReference; fileEncoding = 4; lastKnownFileType = sourcecode.swift; path = CustomMesh.swift; sourceTree = "<group>"; };
		D1FD1EC1282210CC00F1BCF3 /* Triangle_CustomMesh.swift */ = {isa = PBXFileReference; fileEncoding = 4; lastKnownFileType = sourcecode.swift; path = Triangle_CustomMesh.swift; sourceTree = "<group>"; };
		D1FD1EC2282210CC00F1BCF3 /* Quad_CustomMesh.swift */ = {isa = PBXFileReference; fileEncoding = 4; lastKnownFileType = sourcecode.swift; path = Quad_CustomMesh.swift; sourceTree = "<group>"; };
		D1FD1EC3282210CC00F1BCF3 /* Cube_CustomMesh.swift */ = {isa = PBXFileReference; fileEncoding = 4; lastKnownFileType = sourcecode.swift; path = Cube_CustomMesh.swift; sourceTree = "<group>"; };
		D1FD1EC4282210CC00F1BCF3 /* Entities.swift */ = {isa = PBXFileReference; fileEncoding = 4; lastKnownFileType = sourcecode.swift; path = Entities.swift; sourceTree = "<group>"; };
		D1FD1ECA2822118C00F1BCF3 /* Updateable.swift */ = {isa = PBXFileReference; fileEncoding = 4; lastKnownFileType = sourcecode.swift; path = Updateable.swift; sourceTree = "<group>"; };
		D1FD1ECD282211E900F1BCF3 /* MetalTypes.swift */ = {isa = PBXFileReference; fileEncoding = 4; lastKnownFileType = sourcecode.swift; path = MetalTypes.swift; sourceTree = "<group>"; };
		D1FD1ECE282211E900F1BCF3 /* Shader.swift */ = {isa = PBXFileReference; fileEncoding = 4; lastKnownFileType = sourcecode.swift; path = Shader.swift; sourceTree = "<group>"; };
		D1FD1ED12822148D00F1BCF3 /* GameTime.swift */ = {isa = PBXFileReference; fileEncoding = 4; lastKnownFileType = sourcecode.swift; path = GameTime.swift; sourceTree = "<group>"; };
		D1FD1F912827333400F1BCF3 /* PartyPirateParot.png */ = {isa = PBXFileReference; lastKnownFileType = image.png; path = PartyPirateParot.png; sourceTree = "<group>"; };
/* End PBXFileReference section */

/* Begin PBXFrameworksBuildPhase section */
		D10E61D028123E7600EDC156 /* Frameworks */ = {
			isa = PBXFrameworksBuildPhase;
			buildActionMask = 2147483647;
			files = (
			);
			runOnlyForDeploymentPostprocessing = 0;
		};
		D10E61E128123E7B00EDC156 /* Frameworks */ = {
			isa = PBXFrameworksBuildPhase;
			buildActionMask = 2147483647;
			files = (
			);
			runOnlyForDeploymentPostprocessing = 0;
		};
		D10E61EB28123E7B00EDC156 /* Frameworks */ = {
			isa = PBXFrameworksBuildPhase;
			buildActionMask = 2147483647;
			files = (
			);
			runOnlyForDeploymentPostprocessing = 0;
		};
/* End PBXFrameworksBuildPhase section */

/* Begin PBXGroup section */
		D10E61CA28123E7600EDC156 = {
			isa = PBXGroup;
			children = (
				D10E61D528123E7600EDC156 /* GameEngineMetal */,
				D10E61E728123E7B00EDC156 /* GameEngineMetalTests */,
				D10E61F128123E7B00EDC156 /* GameEngineMetalUITests */,
				D10E61D428123E7600EDC156 /* Products */,
			);
			sourceTree = "<group>";
			usesTabs = 1;
		};
		D10E61D428123E7600EDC156 /* Products */ = {
			isa = PBXGroup;
			children = (
				D10E61D328123E7600EDC156 /* GameEngineMetal.app */,
				D10E61E428123E7B00EDC156 /* GameEngineMetalTests.xctest */,
				D10E61EE28123E7B00EDC156 /* GameEngineMetalUITests.xctest */,
			);
			name = Products;
			sourceTree = "<group>";
		};
		D10E61D528123E7600EDC156 /* GameEngineMetal */ = {
			isa = PBXGroup;
			children = (
				D1FD1F902827325000F1BCF3 /* Resources */,
				D1FD1ED12822148D00F1BCF3 /* GameTime.swift */,
				D1FD1ECC282211E900F1BCF3 /* types */,
				D1FD1EBF282210CC00F1BCF3 /* Entities */,
				D16C1E3E281C76A700E58127 /* Utils */,
				D16C1E1E281B330C00E58127 /* Math */,
				D144F73328149EEF009EBD0D /* Core */,
				D144F73428149EFE009EBD0D /* Libraries */,
				D16C1E2C281B785200E58127 /* Input */,
				D16C1E29281B5B3000E58127 /* Managers */,
				D144F73528149F2B009EBD0D /* Shaders */,
				D16C1E21281B53F300E58127 /* Scenes */,
				D16C1E1D281B170800E58127 /* GameObjects */,
				D16C1E33281C3F8800E58127 /* Cameras */,
				D16C1E1A281B162900E58127 /* Protocols */,
				D144F73628149F42009EBD0D /* Display */,
				D144F730281462E1009EBD0D /* Other */,
				D10E61DC28123E7B00EDC156 /* Preview Content */,
			);
			path = GameEngineMetal;
			sourceTree = "<group>";
		};
		D10E61DC28123E7B00EDC156 /* Preview Content */ = {
			isa = PBXGroup;
			children = (
				D10E61DD28123E7B00EDC156 /* Preview Assets.xcassets */,
			);
			path = "Preview Content";
			sourceTree = "<group>";
		};
		D10E61E728123E7B00EDC156 /* GameEngineMetalTests */ = {
			isa = PBXGroup;
			children = (
				D10E61E828123E7B00EDC156 /* GameEngineMetalTests.swift */,
			);
			path = GameEngineMetalTests;
			sourceTree = "<group>";
		};
		D10E61F128123E7B00EDC156 /* GameEngineMetalUITests */ = {
			isa = PBXGroup;
			children = (
				D10E61F228123E7B00EDC156 /* GameEngineMetalUITests.swift */,
				D10E61F428123E7B00EDC156 /* GameEngineMetalUITestsLaunchTests.swift */,
			);
			path = GameEngineMetalUITests;
			sourceTree = "<group>";
		};
		D144F730281462E1009EBD0D /* Other */ = {
			isa = PBXGroup;
			children = (
				D10E61DA28123E7B00EDC156 /* Assets.xcassets */,
				D10E61DF28123E7B00EDC156 /* GameEngineMetal.entitlements */,
				D10E61D628123E7600EDC156 /* GameEngineMetalApp.swift */,
			);
			path = Other;
			sourceTree = "<group>";
		};
		D144F73328149EEF009EBD0D /* Core */ = {
			isa = PBXGroup;
			children = (
				D144F7372814A0CB009EBD0D /* Engine.swift */,
				D144F7392814A3F2009EBD0D /* Preferences.swift */,
			);
			path = Core;
			sourceTree = "<group>";
		};
		D144F73428149EFE009EBD0D /* Libraries */ = {
			isa = PBXGroup;
			children = (
				D144F73B2814BC0A009EBD0D /* ShaderLibrary.swift */,
				D144F73D2814DC3F009EBD0D /* VertexDescriptorLibrary.swift */,
				D140985428162FAE00DA299A /* RenderDescriptorLibary.swift */,
				D140985328162FAE00DA299A /* RenderPipelineState.swift */,
				D16C1E3C281C677200E58127 /* DepthStencilStateLibrary.swift */,
				D12CE70F282735A400969AC1 /* TextureLibrary.swift */,
				D12CE71128273BAF00969AC1 /* SamplerStateLibrary.swift */,
			);
			path = Libraries;
			sourceTree = "<group>";
		};
		D144F73528149F2B009EBD0D /* Shaders */ = {
			isa = PBXGroup;
			children = (
				D1FD1EBC2822105700F1BCF3 /* BasicShaders.metal */,
				D1FD1EBA2822105000F1BCF3 /* Shared.metal */,
				D1FD1EB82822104200F1BCF3 /* InstancedShaders.metal */,
			);
			path = Shaders;
			sourceTree = "<group>";
		};
		D144F73628149F42009EBD0D /* Display */ = {
			isa = PBXGroup;
			children = (
				D10E61D828123E7600EDC156 /* ContentView.swift */,
				D10E62012812436A00EDC156 /* GameView.swift */,
				D10E62032812484E00EDC156 /* Renderer.swift */,
				D16C1E31281C2C6D00E58127 /* GameEventHandler.swift */,
			);
			path = Display;
			sourceTree = "<group>";
		};
		D16C1E1A281B162900E58127 /* Protocols */ = {
			isa = PBXGroup;
			children = (
				D1FD1ECA2822118C00F1BCF3 /* Updateable.swift */,
				D16C1E1B281B163800E58127 /* Renderable.swift */,
			);
			path = Protocols;
			sourceTree = "<group>";
		};
		D16C1E1D281B170800E58127 /* GameObjects */ = {
			isa = PBXGroup;
			children = (
				D16C1E18281B15B000E58127 /* Node.swift */,
				D16C1E12281B04E200E58127 /* GameObject.swift */,
				D16C1E16281B147900E58127 /* Pointer.swift */,
				D16C1E3A281C62C300E58127 /* Cube.swift */,
				D1287A11281F2EF7004E5DA5 /* InstancedGameObject.swift */,
				D1287A13281F3F1B004E5DA5 /* CubeCollection.swift */,
				D1287A15281F5107004E5DA5 /* Quad.swift */,
			);
			path = GameObjects;
			sourceTree = "<group>";
		};
		D16C1E1E281B330C00E58127 /* Math */ = {
			isa = PBXGroup;
			children = (
				D16C1E1F281B331D00E58127 /* Math.swift */,
			);
			path = Math;
			sourceTree = "<group>";
		};
		D16C1E21281B53F300E58127 /* Scenes */ = {
			isa = PBXGroup;
			children = (
				D16C1E22281B540700E58127 /* Scene.swift */,
				D16C1E24281B55B700E58127 /* SandboxScene.swift */,
			);
			path = Scenes;
			sourceTree = "<group>";
		};
		D16C1E29281B5B3000E58127 /* Managers */ = {
			isa = PBXGroup;
			children = (
				D16C1E27281B581800E58127 /* SceneManager.swift */,
				D16C1E38281C46BC00E58127 /* CameraManager.swift */,
			);
			path = Managers;
			sourceTree = "<group>";
		};
		D16C1E2C281B785200E58127 /* Input */ = {
			isa = PBXGroup;
			children = (
				D16C1E2D281B786100E58127 /* Keyboard.swift */,
				D16C1E2F281B7D9200E58127 /* Mouse.swift */,
			);
			path = Input;
			sourceTree = "<group>";
		};
		D16C1E33281C3F8800E58127 /* Cameras */ = {
			isa = PBXGroup;
			children = (
				D16C1E34281C3FA200E58127 /* Camera.swift */,
				D16C1E36281C40B500E58127 /* DebugCamera.swift */,
			);
			path = Cameras;
			sourceTree = "<group>";
		};
		D16C1E3E281C76A700E58127 /* Utils */ = {
			isa = PBXGroup;
			children = (
				D16C1E3F281C76C700E58127 /* ColorUtil.swift */,
			);
			path = Utils;
			sourceTree = "<group>";
		};
		D1FD1EBF282210CC00F1BCF3 /* Entities */ = {
			isa = PBXGroup;
			children = (
				D1FD1EC0282210CC00F1BCF3 /* CustomMesh.swift */,
				D1FD1EC1282210CC00F1BCF3 /* Triangle_CustomMesh.swift */,
				D1FD1EC2282210CC00F1BCF3 /* Quad_CustomMesh.swift */,
				D1FD1EC3282210CC00F1BCF3 /* Cube_CustomMesh.swift */,
				D1FD1EC4282210CC00F1BCF3 /* Entities.swift */,
			);
			path = Entities;
			sourceTree = "<group>";
		};
		D1FD1ECC282211E900F1BCF3 /* types */ = {
			isa = PBXGroup;
			children = (
				D1FD1ECD282211E900F1BCF3 /* MetalTypes.swift */,
				D1FD1ECE282211E900F1BCF3 /* Shader.swift */,
			);
			path = types;
			sourceTree = "<group>";
		};
		D1FD1F902827325000F1BCF3 /* Resources */ = {
			isa = PBXGroup;
			children = (
				D1FD1F912827333400F1BCF3 /* PartyPirateParot.png */,
			);
			path = Resources;
			sourceTree = "<group>";
		};
/* End PBXGroup section */

/* Begin PBXNativeTarget section */
		D10E61D228123E7600EDC156 /* GameEngineMetal */ = {
			isa = PBXNativeTarget;
			buildConfigurationList = D10E61F828123E7B00EDC156 /* Build configuration list for PBXNativeTarget "GameEngineMetal" */;
			buildPhases = (
				D10E61CF28123E7600EDC156 /* Sources */,
				D10E61D028123E7600EDC156 /* Frameworks */,
				D10E61D128123E7600EDC156 /* Resources */,
			);
			buildRules = (
			);
			dependencies = (
			);
			name = GameEngineMetal;
			productName = GameEngineMetal;
			productReference = D10E61D328123E7600EDC156 /* GameEngineMetal.app */;
			productType = "com.apple.product-type.application";
		};
		D10E61E328123E7B00EDC156 /* GameEngineMetalTests */ = {
			isa = PBXNativeTarget;
			buildConfigurationList = D10E61FB28123E7B00EDC156 /* Build configuration list for PBXNativeTarget "GameEngineMetalTests" */;
			buildPhases = (
				D10E61E028123E7B00EDC156 /* Sources */,
				D10E61E128123E7B00EDC156 /* Frameworks */,
				D10E61E228123E7B00EDC156 /* Resources */,
			);
			buildRules = (
			);
			dependencies = (
				D10E61E628123E7B00EDC156 /* PBXTargetDependency */,
			);
			name = GameEngineMetalTests;
			productName = GameEngineMetalTests;
			productReference = D10E61E428123E7B00EDC156 /* GameEngineMetalTests.xctest */;
			productType = "com.apple.product-type.bundle.unit-test";
		};
		D10E61ED28123E7B00EDC156 /* GameEngineMetalUITests */ = {
			isa = PBXNativeTarget;
			buildConfigurationList = D10E61FE28123E7B00EDC156 /* Build configuration list for PBXNativeTarget "GameEngineMetalUITests" */;
			buildPhases = (
				D10E61EA28123E7B00EDC156 /* Sources */,
				D10E61EB28123E7B00EDC156 /* Frameworks */,
				D10E61EC28123E7B00EDC156 /* Resources */,
			);
			buildRules = (
			);
			dependencies = (
				D10E61F028123E7B00EDC156 /* PBXTargetDependency */,
			);
			name = GameEngineMetalUITests;
			productName = GameEngineMetalUITests;
			productReference = D10E61EE28123E7B00EDC156 /* GameEngineMetalUITests.xctest */;
			productType = "com.apple.product-type.bundle.ui-testing";
		};
/* End PBXNativeTarget section */

/* Begin PBXProject section */
		D10E61CB28123E7600EDC156 /* Project object */ = {
			isa = PBXProject;
			attributes = {
				BuildIndependentTargetsInParallel = 1;
				LastSwiftUpdateCheck = 1330;
				LastUpgradeCheck = 1330;
				TargetAttributes = {
					D10E61D228123E7600EDC156 = {
						CreatedOnToolsVersion = 13.3.1;
					};
					D10E61E328123E7B00EDC156 = {
						CreatedOnToolsVersion = 13.3.1;
						TestTargetID = D10E61D228123E7600EDC156;
					};
					D10E61ED28123E7B00EDC156 = {
						CreatedOnToolsVersion = 13.3.1;
						TestTargetID = D10E61D228123E7600EDC156;
					};
				};
			};
			buildConfigurationList = D10E61CE28123E7600EDC156 /* Build configuration list for PBXProject "GameEngineMetal" */;
			compatibilityVersion = "Xcode 13.0";
			developmentRegion = en;
			hasScannedForEncodings = 0;
			knownRegions = (
				en,
				Base,
			);
			mainGroup = D10E61CA28123E7600EDC156;
			productRefGroup = D10E61D428123E7600EDC156 /* Products */;
			projectDirPath = "";
			projectRoot = "";
			targets = (
				D10E61D228123E7600EDC156 /* GameEngineMetal */,
				D10E61E328123E7B00EDC156 /* GameEngineMetalTests */,
				D10E61ED28123E7B00EDC156 /* GameEngineMetalUITests */,
			);
		};
/* End PBXProject section */

/* Begin PBXResourcesBuildPhase section */
		D10E61D128123E7600EDC156 /* Resources */ = {
			isa = PBXResourcesBuildPhase;
			buildActionMask = 2147483647;
			files = (
				D10E61DE28123E7B00EDC156 /* Preview Assets.xcassets in Resources */,
				D10E61DB28123E7B00EDC156 /* Assets.xcassets in Resources */,
				D1FD1F922827333400F1BCF3 /* PartyPirateParot.png in Resources */,
			);
			runOnlyForDeploymentPostprocessing = 0;
		};
		D10E61E228123E7B00EDC156 /* Resources */ = {
			isa = PBXResourcesBuildPhase;
			buildActionMask = 2147483647;
			files = (
			);
			runOnlyForDeploymentPostprocessing = 0;
		};
		D10E61EC28123E7B00EDC156 /* Resources */ = {
			isa = PBXResourcesBuildPhase;
			buildActionMask = 2147483647;
			files = (
			);
			runOnlyForDeploymentPostprocessing = 0;
		};
/* End PBXResourcesBuildPhase section */

/* Begin PBXSourcesBuildPhase section */
		D10E61CF28123E7600EDC156 /* Sources */ = {
			isa = PBXSourcesBuildPhase;
			buildActionMask = 2147483647;
			files = (
				D16C1E1C281B163800E58127 /* Renderable.swift in Sources */,
				D10E62022812436A00EDC156 /* GameView.swift in Sources */,
				D140985528162FAE00DA299A /* RenderPipelineState.swift in Sources */,
				D16C1E40281C76C700E58127 /* ColorUtil.swift in Sources */,
				D16C1E23281B540700E58127 /* Scene.swift in Sources */,
				D144F73C2814BC0A009EBD0D /* ShaderLibrary.swift in Sources */,
				D10E62042812484E00EDC156 /* Renderer.swift in Sources */,
				D1FD1EC7282210CC00F1BCF3 /* Quad_CustomMesh.swift in Sources */,
				D1287A12281F2EF7004E5DA5 /* InstancedGameObject.swift in Sources */,
				D16C1E39281C46BD00E58127 /* CameraManager.swift in Sources */,
				D16C1E13281B04E200E58127 /* GameObject.swift in Sources */,
				D16C1E37281C40B500E58127 /* DebugCamera.swift in Sources */,
				D10E61D928123E7600EDC156 /* ContentView.swift in Sources */,
				D144F73E2814DC3F009EBD0D /* VertexDescriptorLibrary.swift in Sources */,
				D16C1E3B281C62C300E58127 /* Cube.swift in Sources */,
				D16C1E28281B581800E58127 /* SceneManager.swift in Sources */,
				D1FD1ECB2822118C00F1BCF3 /* Updateable.swift in Sources */,
				D16C1E3D281C677200E58127 /* DepthStencilStateLibrary.swift in Sources */,
				D12CE71228273BAF00969AC1 /* SamplerStateLibrary.swift in Sources */,
				D1FD1ED22822148D00F1BCF3 /* GameTime.swift in Sources */,
				D1FD1EBB2822105000F1BCF3 /* Shared.metal in Sources */,
				D16C1E20281B331D00E58127 /* Math.swift in Sources */,
				D1FD1EC8282210CC00F1BCF3 /* Cube_CustomMesh.swift in Sources */,
				D16C1E2E281B786100E58127 /* Keyboard.swift in Sources */,
				D10E61D728123E7600EDC156 /* GameEngineMetalApp.swift in Sources */,
				D1FD1EB92822104200F1BCF3 /* InstancedShaders.metal in Sources */,
				D16C1E19281B15B000E58127 /* Node.swift in Sources */,
				D12CE710282735A400969AC1 /* TextureLibrary.swift in Sources */,
				D140985628162FAE00DA299A /* RenderDescriptorLibary.swift in Sources */,
				D1287A16281F5107004E5DA5 /* Quad.swift in Sources */,
				D144F73A2814A3F2009EBD0D /* Preferences.swift in Sources */,
				D16C1E32281C2C6D00E58127 /* GameEventHandler.swift in Sources */,
				D1287A14281F3F1B004E5DA5 /* CubeCollection.swift in Sources */,
				D16C1E17281B147900E58127 /* Pointer.swift in Sources */,
				D1FD1ED0282211E900F1BCF3 /* Shader.swift in Sources */,
				D16C1E35281C3FA200E58127 /* Camera.swift in Sources */,
				D16C1E25281B55B700E58127 /* SandboxScene.swift in Sources */,
				D144F7382814A0CB009EBD0D /* Engine.swift in Sources */,
				D16C1E30281B7D9200E58127 /* Mouse.swift in Sources */,
				D1FD1ECF282211E900F1BCF3 /* MetalTypes.swift in Sources */,
				D1FD1EC6282210CC00F1BCF3 /* Triangle_CustomMesh.swift in Sources */,
				D1FD1EC9282210CC00F1BCF3 /* Entities.swift in Sources */,
				D1FD1EC5282210CC00F1BCF3 /* CustomMesh.swift in Sources */,
				D1FD1EBD2822105700F1BCF3 /* BasicShaders.metal in Sources */,
			);
			runOnlyForDeploymentPostprocessing = 0;
		};
		D10E61E028123E7B00EDC156 /* Sources */ = {
			isa = PBXSourcesBuildPhase;
			buildActionMask = 2147483647;
			files = (
				D10E61E928123E7B00EDC156 /* GameEngineMetalTests.swift in Sources */,
			);
			runOnlyForDeploymentPostprocessing = 0;
		};
		D10E61EA28123E7B00EDC156 /* Sources */ = {
			isa = PBXSourcesBuildPhase;
			buildActionMask = 2147483647;
			files = (
				D10E61F528123E7B00EDC156 /* GameEngineMetalUITestsLaunchTests.swift in Sources */,
				D10E61F328123E7B00EDC156 /* GameEngineMetalUITests.swift in Sources */,
			);
			runOnlyForDeploymentPostprocessing = 0;
		};
/* End PBXSourcesBuildPhase section */

/* Begin PBXTargetDependency section */
		D10E61E628123E7B00EDC156 /* PBXTargetDependency */ = {
			isa = PBXTargetDependency;
			target = D10E61D228123E7600EDC156 /* GameEngineMetal */;
			targetProxy = D10E61E528123E7B00EDC156 /* PBXContainerItemProxy */;
		};
		D10E61F028123E7B00EDC156 /* PBXTargetDependency */ = {
			isa = PBXTargetDependency;
			target = D10E61D228123E7600EDC156 /* GameEngineMetal */;
			targetProxy = D10E61EF28123E7B00EDC156 /* PBXContainerItemProxy */;
		};
/* End PBXTargetDependency section */

/* Begin XCBuildConfiguration section */
		D10E61F628123E7B00EDC156 /* Debug */ = {
			isa = XCBuildConfiguration;
			buildSettings = {
				ALWAYS_SEARCH_USER_PATHS = NO;
				CLANG_ANALYZER_NONNULL = YES;
				CLANG_ANALYZER_NUMBER_OBJECT_CONVERSION = YES_AGGRESSIVE;
				CLANG_CXX_LANGUAGE_STANDARD = "gnu++17";
				CLANG_ENABLE_MODULES = YES;
				CLANG_ENABLE_OBJC_ARC = YES;
				CLANG_ENABLE_OBJC_WEAK = YES;
				CLANG_WARN_BLOCK_CAPTURE_AUTORELEASING = YES;
				CLANG_WARN_BOOL_CONVERSION = YES;
				CLANG_WARN_COMMA = YES;
				CLANG_WARN_CONSTANT_CONVERSION = YES;
				CLANG_WARN_DEPRECATED_OBJC_IMPLEMENTATIONS = YES;
				CLANG_WARN_DIRECT_OBJC_ISA_USAGE = YES_ERROR;
				CLANG_WARN_DOCUMENTATION_COMMENTS = YES;
				CLANG_WARN_EMPTY_BODY = YES;
				CLANG_WARN_ENUM_CONVERSION = YES;
				CLANG_WARN_INFINITE_RECURSION = YES;
				CLANG_WARN_INT_CONVERSION = YES;
				CLANG_WARN_NON_LITERAL_NULL_CONVERSION = YES;
				CLANG_WARN_OBJC_IMPLICIT_RETAIN_SELF = YES;
				CLANG_WARN_OBJC_LITERAL_CONVERSION = YES;
				CLANG_WARN_OBJC_ROOT_CLASS = YES_ERROR;
				CLANG_WARN_QUOTED_INCLUDE_IN_FRAMEWORK_HEADER = YES;
				CLANG_WARN_RANGE_LOOP_ANALYSIS = YES;
				CLANG_WARN_STRICT_PROTOTYPES = YES;
				CLANG_WARN_SUSPICIOUS_MOVE = YES;
				CLANG_WARN_UNGUARDED_AVAILABILITY = YES_AGGRESSIVE;
				CLANG_WARN_UNREACHABLE_CODE = YES;
				CLANG_WARN__DUPLICATE_METHOD_MATCH = YES;
				COPY_PHASE_STRIP = NO;
				DEBUG_INFORMATION_FORMAT = dwarf;
				ENABLE_STRICT_OBJC_MSGSEND = YES;
				ENABLE_TESTABILITY = YES;
				GCC_C_LANGUAGE_STANDARD = gnu11;
				GCC_DYNAMIC_NO_PIC = NO;
				GCC_NO_COMMON_BLOCKS = YES;
				GCC_OPTIMIZATION_LEVEL = 0;
				GCC_PREPROCESSOR_DEFINITIONS = (
					"DEBUG=1",
					"$(inherited)",
				);
				GCC_WARN_64_TO_32_BIT_CONVERSION = YES;
				GCC_WARN_ABOUT_RETURN_TYPE = YES_ERROR;
				GCC_WARN_UNDECLARED_SELECTOR = YES;
				GCC_WARN_UNINITIALIZED_AUTOS = YES_AGGRESSIVE;
				GCC_WARN_UNUSED_FUNCTION = YES;
				GCC_WARN_UNUSED_VARIABLE = YES;
				MACOSX_DEPLOYMENT_TARGET = 12.3;
				MTL_ENABLE_DEBUG_INFO = INCLUDE_SOURCE;
				MTL_FAST_MATH = YES;
				ONLY_ACTIVE_ARCH = YES;
				SDKROOT = macosx;
				SWIFT_ACTIVE_COMPILATION_CONDITIONS = DEBUG;
				SWIFT_OPTIMIZATION_LEVEL = "-Onone";
			};
			name = Debug;
		};
		D10E61F728123E7B00EDC156 /* Release */ = {
			isa = XCBuildConfiguration;
			buildSettings = {
				ALWAYS_SEARCH_USER_PATHS = NO;
				CLANG_ANALYZER_NONNULL = YES;
				CLANG_ANALYZER_NUMBER_OBJECT_CONVERSION = YES_AGGRESSIVE;
				CLANG_CXX_LANGUAGE_STANDARD = "gnu++17";
				CLANG_ENABLE_MODULES = YES;
				CLANG_ENABLE_OBJC_ARC = YES;
				CLANG_ENABLE_OBJC_WEAK = YES;
				CLANG_WARN_BLOCK_CAPTURE_AUTORELEASING = YES;
				CLANG_WARN_BOOL_CONVERSION = YES;
				CLANG_WARN_COMMA = YES;
				CLANG_WARN_CONSTANT_CONVERSION = YES;
				CLANG_WARN_DEPRECATED_OBJC_IMPLEMENTATIONS = YES;
				CLANG_WARN_DIRECT_OBJC_ISA_USAGE = YES_ERROR;
				CLANG_WARN_DOCUMENTATION_COMMENTS = YES;
				CLANG_WARN_EMPTY_BODY = YES;
				CLANG_WARN_ENUM_CONVERSION = YES;
				CLANG_WARN_INFINITE_RECURSION = YES;
				CLANG_WARN_INT_CONVERSION = YES;
				CLANG_WARN_NON_LITERAL_NULL_CONVERSION = YES;
				CLANG_WARN_OBJC_IMPLICIT_RETAIN_SELF = YES;
				CLANG_WARN_OBJC_LITERAL_CONVERSION = YES;
				CLANG_WARN_OBJC_ROOT_CLASS = YES_ERROR;
				CLANG_WARN_QUOTED_INCLUDE_IN_FRAMEWORK_HEADER = YES;
				CLANG_WARN_RANGE_LOOP_ANALYSIS = YES;
				CLANG_WARN_STRICT_PROTOTYPES = YES;
				CLANG_WARN_SUSPICIOUS_MOVE = YES;
				CLANG_WARN_UNGUARDED_AVAILABILITY = YES_AGGRESSIVE;
				CLANG_WARN_UNREACHABLE_CODE = YES;
				CLANG_WARN__DUPLICATE_METHOD_MATCH = YES;
				COPY_PHASE_STRIP = NO;
				DEBUG_INFORMATION_FORMAT = "dwarf-with-dsym";
				ENABLE_NS_ASSERTIONS = NO;
				ENABLE_STRICT_OBJC_MSGSEND = YES;
				GCC_C_LANGUAGE_STANDARD = gnu11;
				GCC_NO_COMMON_BLOCKS = YES;
				GCC_WARN_64_TO_32_BIT_CONVERSION = YES;
				GCC_WARN_ABOUT_RETURN_TYPE = YES_ERROR;
				GCC_WARN_UNDECLARED_SELECTOR = YES;
				GCC_WARN_UNINITIALIZED_AUTOS = YES_AGGRESSIVE;
				GCC_WARN_UNUSED_FUNCTION = YES;
				GCC_WARN_UNUSED_VARIABLE = YES;
				MACOSX_DEPLOYMENT_TARGET = 12.3;
				MTL_ENABLE_DEBUG_INFO = NO;
				MTL_FAST_MATH = YES;
				SDKROOT = macosx;
				SWIFT_COMPILATION_MODE = wholemodule;
				SWIFT_OPTIMIZATION_LEVEL = "-O";
			};
			name = Release;
		};
		D10E61F928123E7B00EDC156 /* Debug */ = {
			isa = XCBuildConfiguration;
			buildSettings = {
				ASSETCATALOG_COMPILER_APPICON_NAME = AppIcon;
				ASSETCATALOG_COMPILER_GLOBAL_ACCENT_COLOR_NAME = AccentColor;
				CODE_SIGN_ENTITLEMENTS = GameEngineMetal/Other/GameEngineMetal.entitlements;
				CODE_SIGN_IDENTITY = "Apple Development";
				CODE_SIGN_STYLE = Automatic;
				COMBINE_HIDPI_IMAGES = YES;
				CURRENT_PROJECT_VERSION = 1;
				DEVELOPMENT_ASSET_PATHS = "GameEngineMetal/Preview\\ Content GameEngineMetal/Other";
				DEVELOPMENT_TEAM = YNB2RNANFB;
				ENABLE_HARDENED_RUNTIME = YES;
				ENABLE_PREVIEWS = YES;
				GENERATE_INFOPLIST_FILE = YES;
				INFOPLIST_KEY_NSHumanReadableCopyright = "";
				LD_RUNPATH_SEARCH_PATHS = (
					"$(inherited)",
					"@executable_path/../Frameworks",
				);
				MARKETING_VERSION = 1.0;
				PRODUCT_BUNDLE_IDENTIFIER = com.nunemaker.GameEngineMetal;
				PRODUCT_NAME = "$(TARGET_NAME)";
				SWIFT_EMIT_LOC_STRINGS = YES;
				SWIFT_VERSION = 5.0;
			};
			name = Debug;
		};
		D10E61FA28123E7B00EDC156 /* Release */ = {
			isa = XCBuildConfiguration;
			buildSettings = {
				ASSETCATALOG_COMPILER_APPICON_NAME = AppIcon;
				ASSETCATALOG_COMPILER_GLOBAL_ACCENT_COLOR_NAME = AccentColor;
				CODE_SIGN_ENTITLEMENTS = GameEngineMetal/Other/GameEngineMetal.entitlements;
				CODE_SIGN_IDENTITY = "Apple Development";
				CODE_SIGN_STYLE = Automatic;
				COMBINE_HIDPI_IMAGES = YES;
				CURRENT_PROJECT_VERSION = 1;
				DEVELOPMENT_ASSET_PATHS = "GameEngineMetal/Preview\\ Content GameEngineMetal/Other";
				DEVELOPMENT_TEAM = YNB2RNANFB;
				ENABLE_HARDENED_RUNTIME = YES;
				ENABLE_PREVIEWS = YES;
				GENERATE_INFOPLIST_FILE = YES;
				INFOPLIST_KEY_NSHumanReadableCopyright = "";
				LD_RUNPATH_SEARCH_PATHS = (
					"$(inherited)",
					"@executable_path/../Frameworks",
				);
				MARKETING_VERSION = 1.0;
				ONLY_ACTIVE_ARCH = NO;
				PRODUCT_BUNDLE_IDENTIFIER = com.nunemaker.GameEngineMetal;
				PRODUCT_NAME = "$(TARGET_NAME)";
				SWIFT_EMIT_LOC_STRINGS = YES;
				SWIFT_VERSION = 5.0;
			};
			name = Release;
		};
		D10E61FC28123E7B00EDC156 /* Debug */ = {
			isa = XCBuildConfiguration;
			buildSettings = {
				ALWAYS_EMBED_SWIFT_STANDARD_LIBRARIES = YES;
				BUNDLE_LOADER = "$(TEST_HOST)";
				CODE_SIGN_STYLE = Automatic;
				CURRENT_PROJECT_VERSION = 1;
				DEVELOPMENT_TEAM = YNB2RNANFB;
				GENERATE_INFOPLIST_FILE = YES;
				MACOSX_DEPLOYMENT_TARGET = 12.3;
				MARKETING_VERSION = 1.0;
				PRODUCT_BUNDLE_IDENTIFIER = com.nunemaker.GameEngineMetalTests;
				PRODUCT_NAME = "$(TARGET_NAME)";
				SWIFT_EMIT_LOC_STRINGS = NO;
				SWIFT_VERSION = 5.0;
				TEST_HOST = "$(BUILT_PRODUCTS_DIR)/GameEngineMetal.app/Contents/MacOS/GameEngineMetal";
			};
			name = Debug;
		};
		D10E61FD28123E7B00EDC156 /* Release */ = {
			isa = XCBuildConfiguration;
			buildSettings = {
				ALWAYS_EMBED_SWIFT_STANDARD_LIBRARIES = YES;
				BUNDLE_LOADER = "$(TEST_HOST)";
				CODE_SIGN_STYLE = Automatic;
				CURRENT_PROJECT_VERSION = 1;
				DEVELOPMENT_TEAM = YNB2RNANFB;
				GENERATE_INFOPLIST_FILE = YES;
				MACOSX_DEPLOYMENT_TARGET = 12.3;
				MARKETING_VERSION = 1.0;
				PRODUCT_BUNDLE_IDENTIFIER = com.nunemaker.GameEngineMetalTests;
				PRODUCT_NAME = "$(TARGET_NAME)";
				SWIFT_EMIT_LOC_STRINGS = NO;
				SWIFT_VERSION = 5.0;
				TEST_HOST = "$(BUILT_PRODUCTS_DIR)/GameEngineMetal.app/Contents/MacOS/GameEngineMetal";
			};
			name = Release;
		};
		D10E61FF28123E7B00EDC156 /* Debug */ = {
			isa = XCBuildConfiguration;
			buildSettings = {
				ALWAYS_EMBED_SWIFT_STANDARD_LIBRARIES = YES;
				CODE_SIGN_STYLE = Automatic;
				CURRENT_PROJECT_VERSION = 1;
				DEVELOPMENT_TEAM = YNB2RNANFB;
				GENERATE_INFOPLIST_FILE = YES;
				MARKETING_VERSION = 1.0;
				PRODUCT_BUNDLE_IDENTIFIER = com.nunemaker.GameEngineMetalUITests;
				PRODUCT_NAME = "$(TARGET_NAME)";
				SWIFT_EMIT_LOC_STRINGS = NO;
				SWIFT_VERSION = 5.0;
				TEST_TARGET_NAME = GameEngineMetal;
			};
			name = Debug;
		};
		D10E620028123E7B00EDC156 /* Release */ = {
			isa = XCBuildConfiguration;
			buildSettings = {
				ALWAYS_EMBED_SWIFT_STANDARD_LIBRARIES = YES;
				CODE_SIGN_STYLE = Automatic;
				CURRENT_PROJECT_VERSION = 1;
				DEVELOPMENT_TEAM = YNB2RNANFB;
				GENERATE_INFOPLIST_FILE = YES;
				MARKETING_VERSION = 1.0;
				PRODUCT_BUNDLE_IDENTIFIER = com.nunemaker.GameEngineMetalUITests;
				PRODUCT_NAME = "$(TARGET_NAME)";
				SWIFT_EMIT_LOC_STRINGS = NO;
				SWIFT_VERSION = 5.0;
				TEST_TARGET_NAME = GameEngineMetal;
			};
			name = Release;
		};
/* End XCBuildConfiguration section */

/* Begin XCConfigurationList section */
		D10E61CE28123E7600EDC156 /* Build configuration list for PBXProject "GameEngineMetal" */ = {
			isa = XCConfigurationList;
			buildConfigurations = (
				D10E61F628123E7B00EDC156 /* Debug */,
				D10E61F728123E7B00EDC156 /* Release */,
			);
			defaultConfigurationIsVisible = 0;
			defaultConfigurationName = Release;
		};
		D10E61F828123E7B00EDC156 /* Build configuration list for PBXNativeTarget "GameEngineMetal" */ = {
			isa = XCConfigurationList;
			buildConfigurations = (
				D10E61F928123E7B00EDC156 /* Debug */,
				D10E61FA28123E7B00EDC156 /* Release */,
			);
			defaultConfigurationIsVisible = 0;
			defaultConfigurationName = Release;
		};
		D10E61FB28123E7B00EDC156 /* Build configuration list for PBXNativeTarget "GameEngineMetalTests" */ = {
			isa = XCConfigurationList;
			buildConfigurations = (
				D10E61FC28123E7B00EDC156 /* Debug */,
				D10E61FD28123E7B00EDC156 /* Release */,
			);
			defaultConfigurationIsVisible = 0;
			defaultConfigurationName = Release;
		};
		D10E61FE28123E7B00EDC156 /* Build configuration list for PBXNativeTarget "GameEngineMetalUITests" */ = {
			isa = XCConfigurationList;
			buildConfigurations = (
				D10E61FF28123E7B00EDC156 /* Debug */,
				D10E620028123E7B00EDC156 /* Release */,
			);
			defaultConfigurationIsVisible = 0;
			defaultConfigurationName = Release;
		};
/* End XCConfigurationList section */
	};
	rootObject = D10E61CB28123E7600EDC156 /* Project object */;
}
